
Microsoft Visual Studio Solution File, Format Version 12.00
# Visual Studio Version 16
VisualStudioVersion = 16.0.33214.272
MinimumVisualStudioVersion = 10.0.40219.1
Project("{FAE04EC0-301F-11D3-BF4B-00C04F79EFBC}") = "DBot", "DBot.csproj", "{F964927F-EA3D-4110-8236-7E91731C9E44}"
EndProject
Global
	GlobalSection(SolutionConfigurationPlatforms) = preSolution
		Debug|Any CPU = Debug|Any CPU
		Release|Any CPU = Release|Any CPU
	EndGlobalSection
	GlobalSection(ProjectConfigurationPlatforms) = postSolution
		{F964927F-EA3D-4110-8236-7E91731C9E44}.Debug|Any CPU.ActiveCfg = Debug|Any CPU
		{F964927F-EA3D-4110-8236-7E91731C9E44}.Debug|Any CPU.Build.0 = Debug|Any CPU
		{F964927F-EA3D-4110-8236-7E91731C9E44}.Release|Any CPU.ActiveCfg = Release|Any CPU
		{F964927F-EA3D-4110-8236-7E91731C9E44}.Release|Any CPU.Build.0 = Release|Any CPU
	EndGlobalSection
	GlobalSection(SolutionProperties) = preSolution
		HideSolutionNode = FALSE
	EndGlobalSection
	GlobalSection(ExtensibilityGlobals) = postSolution
		SolutionGuid = {1DDFF2B5-66CD-4DF2-9F9C-A8C72123A35E}
	EndGlobalSection
EndGlobal
